
Microsoft Visual Studio Solution File, Format Version 12.00
# Visual Studio Version 16
VisualStudioVersion = 16.0.31727.386
MinimumVisualStudioVersion = 10.0.40219.1
Project("{9A19103F-16F7-4668-BE54-9A1E7A4F7556}") = "Entities", "Entities\Entities.csproj", "{D5CE83F4-69DB-46C7-811B-12C4A96C603C}"
EndProject
Project("{9A19103F-16F7-4668-BE54-9A1E7A4F7556}") = "DataAccess", "DataAccess\DataAccess.csproj", "{F2E23580-E95C-4400-B969-549664C844C6}"
EndProject
Project("{9A19103F-16F7-4668-BE54-9A1E7A4F7556}") = "Business", "Business\Business.csproj", "{8EAC288F-1142-4F9B-8599-F526FD1F6E35}"
EndProject
Project("{9A19103F-16F7-4668-BE54-9A1E7A4F7556}") = "ConsoleUI", "Console\ConsoleUI.csproj", "{DE62F415-AC6C-4239-BE50-7BE6CBFBE1BE}"
EndProject
Project("{FAE04EC0-301F-11D3-BF4B-00C04F79EFBC}") = "Core", "Core\Core.csproj", "{F0053998-C4CB-437F-AEA8-7B0914833291}"
EndProject
Global
	GlobalSection(SolutionConfigurationPlatforms) = preSolution
		Debug|Any CPU = Debug|Any CPU
		Release|Any CPU = Release|Any CPU
	EndGlobalSection
	GlobalSection(ProjectConfigurationPlatforms) = postSolution
		{D5CE83F4-69DB-46C7-811B-12C4A96C603C}.Debug|Any CPU.ActiveCfg = Debug|Any CPU
		{D5CE83F4-69DB-46C7-811B-12C4A96C603C}.Debug|Any CPU.Build.0 = Debug|Any CPU
		{D5CE83F4-69DB-46C7-811B-12C4A96C603C}.Release|Any CPU.ActiveCfg = Release|Any CPU
		{D5CE83F4-69DB-46C7-811B-12C4A96C603C}.Release|Any CPU.Build.0 = Release|Any CPU
		{F2E23580-E95C-4400-B969-549664C844C6}.Debug|Any CPU.ActiveCfg = Debug|Any CPU
		{F2E23580-E95C-4400-B969-549664C844C6}.Debug|Any CPU.Build.0 = Debug|Any CPU
		{F2E23580-E95C-4400-B969-549664C844C6}.Release|Any CPU.ActiveCfg = Release|Any CPU
		{F2E23580-E95C-4400-B969-549664C844C6}.Release|Any CPU.Build.0 = Release|Any CPU
		{8EAC288F-1142-4F9B-8599-F526FD1F6E35}.Debug|Any CPU.ActiveCfg = Debug|Any CPU
		{8EAC288F-1142-4F9B-8599-F526FD1F6E35}.Debug|Any CPU.Build.0 = Debug|Any CPU
		{8EAC288F-1142-4F9B-8599-F526FD1F6E35}.Release|Any CPU.ActiveCfg = Release|Any CPU
		{8EAC288F-1142-4F9B-8599-F526FD1F6E35}.Release|Any CPU.Build.0 = Release|Any CPU
		{DE62F415-AC6C-4239-BE50-7BE6CBFBE1BE}.Debug|Any CPU.ActiveCfg = Debug|Any CPU
		{DE62F415-AC6C-4239-BE50-7BE6CBFBE1BE}.Debug|Any CPU.Build.0 = Debug|Any CPU
		{DE62F415-AC6C-4239-BE50-7BE6CBFBE1BE}.Release|Any CPU.ActiveCfg = Release|Any CPU
		{DE62F415-AC6C-4239-BE50-7BE6CBFBE1BE}.Release|Any CPU.Build.0 = Release|Any CPU
		{F0053998-C4CB-437F-AEA8-7B0914833291}.Debug|Any CPU.ActiveCfg = Debug|Any CPU
		{F0053998-C4CB-437F-AEA8-7B0914833291}.Debug|Any CPU.Build.0 = Debug|Any CPU
		{F0053998-C4CB-437F-AEA8-7B0914833291}.Release|Any CPU.ActiveCfg = Release|Any CPU
		{F0053998-C4CB-437F-AEA8-7B0914833291}.Release|Any CPU.Build.0 = Release|Any CPU
	EndGlobalSection
	GlobalSection(SolutionProperties) = preSolution
		HideSolutionNode = FALSE
	EndGlobalSection
	GlobalSection(ExtensibilityGlobals) = postSolution
		SolutionGuid = {845D991F-82C2-4A76-82C7-CD2D3494BE70}
	EndGlobalSection
EndGlobal
